
Microsoft Visual Studio Solution File, Format Version 12.00
# Visual Studio Version 17
VisualStudioVersion = 17.6.33815.320
MinimumVisualStudioVersion = 10.0.40219.1
Project("{FAE04EC0-301F-11D3-BF4B-00C04F79EFBC}") = "API", "API\API.csproj", "{EE924AEB-C947-488E-8982-B30C32CDC7DD}"
EndProject
Global
	GlobalSection(SolutionConfigurationPlatforms) = preSolution
		Debug|Any CPU = Debug|Any CPU
		Release|Any CPU = Release|Any CPU
	EndGlobalSection
	GlobalSection(ProjectConfigurationPlatforms) = postSolution
		{EE924AEB-C947-488E-8982-B30C32CDC7DD}.Debug|Any CPU.ActiveCfg = Debug|Any CPU
		{EE924AEB-C947-488E-8982-B30C32CDC7DD}.Debug|Any CPU.Build.0 = Debug|Any CPU
		{EE924AEB-C947-488E-8982-B30C32CDC7DD}.Release|Any CPU.ActiveCfg = Release|Any CPU
		{EE924AEB-C947-488E-8982-B30C32CDC7DD}.Release|Any CPU.Build.0 = Release|Any CPU
	EndGlobalSection
	GlobalSection(SolutionProperties) = preSolution
		HideSolutionNode = FALSE
	EndGlobalSection
	GlobalSection(ExtensibilityGlobals) = postSolution
		SolutionGuid = {B0145C56-2479-4B5D-B9FC-BFD8276CEF70}
	EndGlobalSection
EndGlobal
